
Microsoft Visual Studio Solution File, Format Version 12.00
# Visual Studio Version 17
VisualStudioVersion = 17.14.36310.24
MinimumVisualStudioVersion = 10.0.40219.1
Project("{FAE04EC0-301F-11D3-BF4B-00C04F79EFBC}") = "Kazbek.CommonToolkit", "src\Kazbek.CommonToolkit\Kazbek.CommonToolkit.csproj", "{D1CB2CE4-05CF-4159-BE57-48632FA4713B}"
EndProject
Project("{FAE04EC0-301F-11D3-BF4B-00C04F79EFBC}") = "Kazbek.CommonToolkit.Tests", "tests\Kazbek.CommonToolkit.Tests\Kazbek.CommonToolkit.Tests.csproj", "{9602D6D4-7E35-4711-A259-D338DB66912D}"
EndProject
Global
	GlobalSection(SolutionConfigurationPlatforms) = preSolution
		Debug|Any CPU = Debug|Any CPU
		Release|Any CPU = Release|Any CPU
	EndGlobalSection
	GlobalSection(ProjectConfigurationPlatforms) = postSolution
		{D1CB2CE4-05CF-4159-BE57-48632FA4713B}.Debug|Any CPU.ActiveCfg = Debug|Any CPU
		{D1CB2CE4-05CF-4159-BE57-48632FA4713B}.Debug|Any CPU.Build.0 = Debug|Any CPU
		{D1CB2CE4-05CF-4159-BE57-48632FA4713B}.Release|Any CPU.ActiveCfg = Release|Any CPU
		{D1CB2CE4-05CF-4159-BE57-48632FA4713B}.Release|Any CPU.Build.0 = Release|Any CPU
		{9602D6D4-7E35-4711-A259-D338DB66912D}.Debug|Any CPU.ActiveCfg = Debug|Any CPU
		{9602D6D4-7E35-4711-A259-D338DB66912D}.Debug|Any CPU.Build.0 = Debug|Any CPU
		{9602D6D4-7E35-4711-A259-D338DB66912D}.Release|Any CPU.ActiveCfg = Release|Any CPU
		{9602D6D4-7E35-4711-A259-D338DB66912D}.Release|Any CPU.Build.0 = Release|Any CPU
	EndGlobalSection
	GlobalSection(SolutionProperties) = preSolution
		HideSolutionNode = FALSE
	EndGlobalSection
	GlobalSection(ExtensibilityGlobals) = postSolution
		SolutionGuid = {87B13A76-9842-48C3-B421-A46674C084A7}
	EndGlobalSection
EndGlobal
